github.com/LLIEPJIOK/go-common v0.0.0-20250601184345-3b50c1956d0b h1:Om+5O5SI1IQKVKEP0TUNEOMS1USieZLdOMOaCzSLi1s=
github.com/LLIEPJIOK/go-common v0.0.0-20250601184345-3b50c1956d0b/go.mod h1:lKdqdnyp1PAXfONkW7dgHAhoBQy7gIrnMRlPrZ/pV/g=
github.com/caarlos0/env/v11 v11.3.1 h1:cArPWC15hWmEt+gWk7YBi7lEXTXCvpaSdCiZE2X5mCA=
github.com/caarlos0/env/v11 v11.3.1/go.mod h1:qupehSf/Y0TUTsxKywqRt/vJjN5nz6vauiYEUUr8P4U=
github.com/go-telegram-bot-api/telegram-bot-api/v5 v5.5.1 h1:wG8n/XJQ07TmjbITcGiUaOtXxdrINDz1b0J1w0SzqDc=
github.com/go-telegram-bot-api/telegram-bot-api/v5 v5.5.1/go.mod h1:A2S0CWkNylc2phvKXWBBdD3K0iGnDBGbzRpISP2zBl8=
